
Microsoft Visual Studio Solution File, Format Version 12.00
# Visual Studio 15
VisualStudioVersion = 15.0.27428.2027
MinimumVisualStudioVersion = 10.0.40219.1
Project("{9A19103F-16F7-4668-BE54-9A1E7A4F7556}") = "GoldSource.Shared", "GoldSource.Shared\GoldSource.Shared.csproj", "{A9AB559A-219C-4C39-BC55-775014CDB075}"
EndProject
Project("{9A19103F-16F7-4668-BE54-9A1E7A4F7556}") = "GoldSource.Mathlib", "GoldSource.Mathlib\GoldSource.Mathlib.csproj", "{F9494AE3-9B22-4133-98C5-28F8A01D2C0D}"
EndProject
Project("{9A19103F-16F7-4668-BE54-9A1E7A4F7556}") = "GoldSource.Server.Engine", "GoldSource.Server.Engine\GoldSource.Server.Engine.csproj", "{9A259580-CD73-483A-84C6-DC030AE50C68}"
	ProjectSection(ProjectDependencies) = postProject
		{65FBCF03-C491-4967-AC20-F6757FFA9E52} = {65FBCF03-C491-4967-AC20-F6757FFA9E52}
		{F9494AE3-9B22-4133-98C5-28F8A01D2C0D} = {F9494AE3-9B22-4133-98C5-28F8A01D2C0D}
	EndProjectSection
EndProject
Project("{FAE04EC0-301F-11D3-BF4B-00C04F79EFBC}") = "GoldSource.FileSystem", "GoldSource.FileSystem\GoldSource.FileSystem.csproj", "{65FBCF03-C491-4967-AC20-F6757FFA9E52}"
EndProject
Global
	GlobalSection(SolutionConfigurationPlatforms) = preSolution
		Debug|Any CPU = Debug|Any CPU
		Debug|x64 = Debug|x64
		Debug|x86 = Debug|x86
		Release|Any CPU = Release|Any CPU
		Release|x64 = Release|x64
		Release|x86 = Release|x86
	EndGlobalSection
	GlobalSection(ProjectConfigurationPlatforms) = postSolution
		{A9AB559A-219C-4C39-BC55-775014CDB075}.Debug|Any CPU.ActiveCfg = Debug|Any CPU
		{A9AB559A-219C-4C39-BC55-775014CDB075}.Debug|Any CPU.Build.0 = Debug|Any CPU
		{A9AB559A-219C-4C39-BC55-775014CDB075}.Debug|x64.ActiveCfg = Debug|Any CPU
		{A9AB559A-219C-4C39-BC55-775014CDB075}.Debug|x64.Build.0 = Debug|Any CPU
		{A9AB559A-219C-4C39-BC55-775014CDB075}.Debug|x86.ActiveCfg = Debug|Any CPU
		{A9AB559A-219C-4C39-BC55-775014CDB075}.Debug|x86.Build.0 = Debug|Any CPU
		{A9AB559A-219C-4C39-BC55-775014CDB075}.Release|Any CPU.ActiveCfg = Release|Any CPU
		{A9AB559A-219C-4C39-BC55-775014CDB075}.Release|Any CPU.Build.0 = Release|Any CPU
		{A9AB559A-219C-4C39-BC55-775014CDB075}.Release|x64.ActiveCfg = Release|Any CPU
		{A9AB559A-219C-4C39-BC55-775014CDB075}.Release|x64.Build.0 = Release|Any CPU
		{A9AB559A-219C-4C39-BC55-775014CDB075}.Release|x86.ActiveCfg = Release|Any CPU
		{A9AB559A-219C-4C39-BC55-775014CDB075}.Release|x86.Build.0 = Release|Any CPU
		{F9494AE3-9B22-4133-98C5-28F8A01D2C0D}.Debug|Any CPU.ActiveCfg = Debug|Any CPU
		{F9494AE3-9B22-4133-98C5-28F8A01D2C0D}.Debug|Any CPU.Build.0 = Debug|Any CPU
		{F9494AE3-9B22-4133-98C5-28F8A01D2C0D}.Debug|x64.ActiveCfg = Debug|Any CPU
		{F9494AE3-9B22-4133-98C5-28F8A01D2C0D}.Debug|x64.Build.0 = Debug|Any CPU
		{F9494AE3-9B22-4133-98C5-28F8A01D2C0D}.Debug|x86.ActiveCfg = Debug|Any CPU
		{F9494AE3-9B22-4133-98C5-28F8A01D2C0D}.Debug|x86.Build.0 = Debug|Any CPU
		{F9494AE3-9B22-4133-98C5-28F8A01D2C0D}.Release|Any CPU.ActiveCfg = Release|Any CPU
		{F9494AE3-9B22-4133-98C5-28F8A01D2C0D}.Release|Any CPU.Build.0 = Release|Any CPU
		{F9494AE3-9B22-4133-98C5-28F8A01D2C0D}.Release|x64.ActiveCfg = Release|Any CPU
		{F9494AE3-9B22-4133-98C5-28F8A01D2C0D}.Release|x64.Build.0 = Release|Any CPU
		{F9494AE3-9B22-4133-98C5-28F8A01D2C0D}.Release|x86.ActiveCfg = Release|Any CPU
		{F9494AE3-9B22-4133-98C5-28F8A01D2C0D}.Release|x86.Build.0 = Release|Any CPU
		{9A259580-CD73-483A-84C6-DC030AE50C68}.Debug|Any CPU.ActiveCfg = Debug|Any CPU
		{9A259580-CD73-483A-84C6-DC030AE50C68}.Debug|Any CPU.Build.0 = Debug|Any CPU
		{9A259580-CD73-483A-84C6-DC030AE50C68}.Debug|x64.ActiveCfg = Debug|Any CPU
		{9A259580-CD73-483A-84C6-DC030AE50C68}.Debug|x64.Build.0 = Debug|Any CPU
		{9A259580-CD73-483A-84C6-DC030AE50C68}.Debug|x86.ActiveCfg = Debug|Any CPU
		{9A259580-CD73-483A-84C6-DC030AE50C68}.Debug|x86.Build.0 = Debug|Any CPU
		{9A259580-CD73-483A-84C6-DC030AE50C68}.Release|Any CPU.ActiveCfg = Release|Any CPU
		{9A259580-CD73-483A-84C6-DC030AE50C68}.Release|Any CPU.Build.0 = Release|Any CPU
		{9A259580-CD73-483A-84C6-DC030AE50C68}.Release|x64.ActiveCfg = Release|Any CPU
		{9A259580-CD73-483A-84C6-DC030AE50C68}.Release|x64.Build.0 = Release|Any CPU
		{9A259580-CD73-483A-84C6-DC030AE50C68}.Release|x86.ActiveCfg = Release|Any CPU
		{9A259580-CD73-483A-84C6-DC030AE50C68}.Release|x86.Build.0 = Release|Any CPU
		{65FBCF03-C491-4967-AC20-F6757FFA9E52}.Debug|Any CPU.ActiveCfg = Debug|Any CPU
		{65FBCF03-C491-4967-AC20-F6757FFA9E52}.Debug|Any CPU.Build.0 = Debug|Any CPU
		{65FBCF03-C491-4967-AC20-F6757FFA9E52}.Debug|x64.ActiveCfg = Debug|Any CPU
		{65FBCF03-C491-4967-AC20-F6757FFA9E52}.Debug|x64.Build.0 = Debug|Any CPU
		{65FBCF03-C491-4967-AC20-F6757FFA9E52}.Debug|x86.ActiveCfg = Debug|Any CPU
		{65FBCF03-C491-4967-AC20-F6757FFA9E52}.Debug|x86.Build.0 = Debug|Any CPU
		{65FBCF03-C491-4967-AC20-F6757FFA9E52}.Release|Any CPU.ActiveCfg = Release|Any CPU
		{65FBCF03-C491-4967-AC20-F6757FFA9E52}.Release|Any CPU.Build.0 = Release|Any CPU
		{65FBCF03-C491-4967-AC20-F6757FFA9E52}.Release|x64.ActiveCfg = Release|Any CPU
		{65FBCF03-C491-4967-AC20-F6757FFA9E52}.Release|x64.Build.0 = Release|Any CPU
		{65FBCF03-C491-4967-AC20-F6757FFA9E52}.Release|x86.ActiveCfg = Release|Any CPU
		{65FBCF03-C491-4967-AC20-F6757FFA9E52}.Release|x86.Build.0 = Release|Any CPU
	EndGlobalSection
	GlobalSection(SolutionProperties) = preSolution
		HideSolutionNode = FALSE
	EndGlobalSection
	GlobalSection(ExtensibilityGlobals) = postSolution
		SolutionGuid = {4230A4BE-A11F-42B9-B3B5-FA314DE53667}
	EndGlobalSection
EndGlobal
