<?xml version="1.0" encoding="utf-8"?>
<Project ToolsVersion="4.0" xmlns="http://schemas.microsoft.com/developer/msbuild/2003">
  <ItemGroup>
    <Filter Include="Resource Files">
      <UniqueIdentifier>{67DA6AB6-F800-4c08-8B7A-83BB121AAD01}</UniqueIdentifier>
      <Extensions>rc;ico;cur;bmp;dlg;rc2;rct;bin;rgs;gif;jpg;jpeg;jpe;resx;tiff;tif;png;wav;mfcribbon-ms</Extensions>
    </Filter>
    <Filter Include="Wrapper">
      <UniqueIdentifier>{c878654c-9993-4d14-adc6-3935033a7695}</UniqueIdentifier>
    </Filter>
    <Filter Include="Wrapper\CLR">
      <UniqueIdentifier>{b4aa5e6c-0d46-450f-a95e-b0e700cce380}</UniqueIdentifier>
    </Filter>
    <Filter Include="Wrapper\Utility">
      <UniqueIdentifier>{c6f3ccd3-002b-45c1-8563-4e3abc0e113a}</UniqueIdentifier>
    </Filter>
    <Filter Include="Wrapper\Public">
      <UniqueIdentifier>{46c5c6b2-4ce5-4189-ba1a-e805d4b1be6a}</UniqueIdentifier>
    </Filter>
    <Filter Include="Wrapper\Public\Steam">
      <UniqueIdentifier>{0ecf46f6-0131-40f3-ad21-272f1e4c9422}</UniqueIdentifier>
    </Filter>
    <Filter Include="Wrapper\Dlls">
      <UniqueIdentifier>{2685e2a0-5151-491e-af6a-cb464197e2d1}</UniqueIdentifier>
    </Filter>
    <Filter Include="Wrapper\Engine">
      <UniqueIdentifier>{6a3c334b-6dfc-4679-9747-320d14afe357}</UniqueIdentifier>
    </Filter>
    <Filter Include="Wrapper\Common">
      <UniqueIdentifier>{7ffb0b11-0251-4bc8-b2b6-f335b07d6802}</UniqueIdentifier>
    </Filter>
    <Filter Include="Wrapper\PmShared">
      <UniqueIdentifier>{f79f944b-9c7c-48d0-9f8a-f2ff459b0db1}</UniqueIdentifier>
    </Filter>
    <Filter Include="Wrapper\CDetour">
      <UniqueIdentifier>{ac1f66c5-c2c8-4bd7-86b8-faffeeb31801}</UniqueIdentifier>
    </Filter>
    <Filter Include="Wrapper\CDetour\asm">
      <UniqueIdentifier>{e526fb5e-05db-4758-a115-7bf27cf3e11d}</UniqueIdentifier>
    </Filter>
  </ItemGroup>
  <ItemGroup>
    <None Include="packages.config" />
  </ItemGroup>
  <ItemGroup>
    <ClInclude Include="CConfiguration.h">
      <Filter>Wrapper</Filter>
    </ClInclude>
    <ClInclude Include="ConfigurationInput.h">
      <Filter>Wrapper</Filter>
    </ClInclude>
    <ClInclude Include="ServerEngineInterface.h">
      <Filter>Wrapper</Filter>
    </ClInclude>
    <ClInclude Include="CLR\CCLRHost.h">
      <Filter>Wrapper\CLR</Filter>
    </ClInclude>
    <ClInclude Include="CLR\CCLRHostException.h">
      <Filter>Wrapper\CLR</Filter>
    </ClInclude>
    <ClInclude Include="Utility\CLibrary.h">
      <Filter>Wrapper\Utility</Filter>
    </ClInclude>
    <ClInclude Include="Utility\InterfaceUtils.h">
      <Filter>Wrapper\Utility</Filter>
    </ClInclude>
    <ClInclude Include="Utility\StringUtils.h">
      <Filter>Wrapper\Utility</Filter>
    </ClInclude>
    <ClInclude Include="Public\archtypes.h">
      <Filter>Wrapper\Public</Filter>
    </ClInclude>
    <ClInclude Include="Public\Steam\steamtypes.h">
      <Filter>Wrapper\Public\Steam</Filter>
    </ClInclude>
    <ClInclude Include="Dlls\cdll_dll.h">
      <Filter>Wrapper\Dlls</Filter>
    </ClInclude>
    <ClInclude Include="Dlls\enginecallback.h">
      <Filter>Wrapper\Dlls</Filter>
    </ClInclude>
    <ClInclude Include="Dlls\extdll.h">
      <Filter>Wrapper\Dlls</Filter>
    </ClInclude>
    <ClInclude Include="Dlls\vector.h">
      <Filter>Wrapper\Dlls</Filter>
    </ClInclude>
    <ClInclude Include="Engine\custom.h">
      <Filter>Wrapper\Engine</Filter>
    </ClInclude>
    <ClInclude Include="Engine\edict.h">
      <Filter>Wrapper\Engine</Filter>
    </ClInclude>
    <ClInclude Include="Engine\eiface.h">
      <Filter>Wrapper\Engine</Filter>
    </ClInclude>
    <ClInclude Include="Engine\progdefs.h">
      <Filter>Wrapper\Engine</Filter>
    </ClInclude>
    <ClInclude Include="Engine\progs.h">
      <Filter>Wrapper\Engine</Filter>
    </ClInclude>
    <ClInclude Include="Common\const.h">
      <Filter>Wrapper\Common</Filter>
    </ClInclude>
    <ClInclude Include="Common\crc.h">
      <Filter>Wrapper\Common</Filter>
    </ClInclude>
    <ClInclude Include="Common\cvardef.h">
      <Filter>Wrapper\Common</Filter>
    </ClInclude>
    <ClInclude Include="Common\entity_state.h">
      <Filter>Wrapper\Common</Filter>
    </ClInclude>
    <ClInclude Include="Common\in_buttons.h">
      <Filter>Wrapper\Common</Filter>
    </ClInclude>
    <ClInclude Include="Common\netadr.h">
      <Filter>Wrapper\Common</Filter>
    </ClInclude>
    <ClInclude Include="Common\pmtrace.h">
      <Filter>Wrapper\Common</Filter>
    </ClInclude>
    <ClInclude Include="Common\Sequence.h">
      <Filter>Wrapper\Common</Filter>
    </ClInclude>
    <ClInclude Include="Common\usercmd.h">
      <Filter>Wrapper\Common</Filter>
    </ClInclude>
    <ClInclude Include="Common\weaponinfo.h">
      <Filter>Wrapper\Common</Filter>
    </ClInclude>
    <ClInclude Include="Common\winsani_in.h">
      <Filter>Wrapper\Common</Filter>
    </ClInclude>
    <ClInclude Include="Common\winsani_out.h">
      <Filter>Wrapper\Common</Filter>
    </ClInclude>
    <ClInclude Include="PmShared\pm_debug.h">
      <Filter>Wrapper\PmShared</Filter>
    </ClInclude>
    <ClInclude Include="PmShared\pm_defs.h">
      <Filter>Wrapper\PmShared</Filter>
    </ClInclude>
    <ClInclude Include="PmShared\pm_info.h">
      <Filter>Wrapper\PmShared</Filter>
    </ClInclude>
    <ClInclude Include="PmShared\pm_materials.h">
      <Filter>Wrapper\PmShared</Filter>
    </ClInclude>
    <ClInclude Include="PmShared\pm_movevars.h">
      <Filter>Wrapper\PmShared</Filter>
    </ClInclude>
    <ClInclude Include="PmShared\pm_shared.h">
      <Filter>Wrapper\PmShared</Filter>
    </ClInclude>
    <ClInclude Include="CManagedServer.h">
      <Filter>Wrapper</Filter>
    </ClInclude>
    <ClInclude Include="Log.h">
      <Filter>Wrapper</Filter>
    </ClInclude>
    <ClInclude Include="ManagedInterface.h">
      <Filter>Wrapper</Filter>
    </ClInclude>
    <ClInclude Include="DLLInterface.h">
      <Filter>Wrapper</Filter>
    </ClInclude>
    <ClInclude Include="NewDLLInterface.h">
      <Filter>Wrapper</Filter>
    </ClInclude>
    <ClInclude Include="CDetour\detourhelpers.h">
      <Filter>Wrapper\CDetour</Filter>
    </ClInclude>
    <ClInclude Include="CDetour\detours.h">
      <Filter>Wrapper\CDetour</Filter>
    </ClInclude>
    <ClInclude Include="CDetour\asm\asm.h">
      <Filter>Wrapper\CDetour\asm</Filter>
    </ClInclude>
    <ClInclude Include="EngineOverrideInterface.h">
      <Filter>Wrapper</Filter>
    </ClInclude>
  </ItemGroup>
  <ItemGroup>
    <ClCompile Include="ConfigurationInput.cpp">
      <Filter>Wrapper</Filter>
    </ClCompile>
    <ClCompile Include="ServerEngineInterface.cpp">
      <Filter>Wrapper</Filter>
    </ClCompile>
    <ClCompile Include="CLR\CCLRHost.cpp">
      <Filter>Wrapper\CLR</Filter>
    </ClCompile>
    <ClCompile Include="Utility\CLibrary.cpp">
      <Filter>Wrapper\Utility</Filter>
    </ClCompile>
    <ClCompile Include="Utility\StringUtils.cpp">
      <Filter>Wrapper\Utility</Filter>
    </ClCompile>
    <ClCompile Include="CManagedServer.cpp">
      <Filter>Wrapper</Filter>
    </ClCompile>
    <ClCompile Include="Log.cpp">
      <Filter>Wrapper</Filter>
    </ClCompile>
    <ClCompile Include="ManagedInterface.cpp">
      <Filter>Wrapper</Filter>
    </ClCompile>
    <ClCompile Include="DLLInterface.cpp">
      <Filter>Wrapper</Filter>
    </ClCompile>
    <ClCompile Include="NewDLLInterface.cpp">
      <Filter>Wrapper</Filter>
    </ClCompile>
    <ClCompile Include="CDetour\detours.cpp">
      <Filter>Wrapper\CDetour</Filter>
    </ClCompile>
    <ClCompile Include="EngineOverrideInterface.cpp">
      <Filter>Wrapper</Filter>
    </ClCompile>
    <ClCompile Include="CDetour\asm\asm.c">
      <Filter>Wrapper\CDetour\asm</Filter>
    </ClCompile>
  </ItemGroup>
</Project>